
Microsoft Visual Studio Solution File, Format Version 12.00
# Visual Studio Version 17
VisualStudioVersion = 17.4.33213.308
MinimumVisualStudioVersion = 10.0.40219.1
Project("{9A19103F-16F7-4668-BE54-9A1E7A4F7556}") = "Genesis", "Genesis\Genesis.csproj", "{7EEDDD60-D4A7-4C95-B27A-13BA28C65789}"
EndProject
Project("{2150E333-8FDC-42A3-9474-1A3956D46DE8}") = "1-Web", "1-Web", "{CBA17617-B47A-4B89-A31B-25E926FBF549}"
EndProject
Project("{2150E333-8FDC-42A3-9474-1A3956D46DE8}") = "2-Aplication", "2-Aplication", "{126E8206-1EB5-4FF7-A749-280595F24AFE}"
EndProject
Project("{2150E333-8FDC-42A3-9474-1A3956D46DE8}") = "3-Domain", "3-Domain", "{D1CD1C49-68D9-4CEA-9ABD-EA2B8E40CDFE}"
EndProject
Project("{2150E333-8FDC-42A3-9474-1A3956D46DE8}") = "4-Infra", "4-Infra", "{2E652B0B-FA63-485D-9CC4-93D045B78E15}"
EndProject
Project("{FAE04EC0-301F-11D3-BF4B-00C04F79EFBC}") = "Genesis.Aplication", "Genesis.Aplication\Genesis.Aplication.csproj", "{FF700A32-FEEA-4A26-969A-254D4B418C41}"
EndProject
Project("{FAE04EC0-301F-11D3-BF4B-00C04F79EFBC}") = "Genesis.Domain", "Genesis.Domain\Genesis.Domain.csproj", "{D7F9B199-3E08-4CF3-A0AB-3B6D0BD56F60}"
EndProject
Project("{2150E333-8FDC-42A3-9474-1A3956D46DE8}") = "Interfaces", "Interfaces", "{F72E63D6-AD67-48D1-A79D-4EB46522569F}"
EndProject
Project("{2150E333-8FDC-42A3-9474-1A3956D46DE8}") = "Services", "Services", "{80CEC6CD-747F-4EE1-9524-F2E122DCCB4D}"
EndProject
Project("{2150E333-8FDC-42A3-9474-1A3956D46DE8}") = "ViewModels", "ViewModels", "{5469C32A-5DA8-4400-BB48-CF85C9F9599E}"
EndProject
Project("{2150E333-8FDC-42A3-9474-1A3956D46DE8}") = "Entities", "Entities", "{62F2079C-F54B-47F1-87C3-E1309F282BE1}"
	ProjectSection(SolutionItems) = preProject
		ValorMes.cs = ValorMes.cs
	EndProjectSection
EndProject
Project("{2150E333-8FDC-42A3-9474-1A3956D46DE8}") = "Interfaces", "Interfaces", "{0C7ADC5C-7D64-4785-9995-20C07296A696}"
EndProject
Project("{2150E333-8FDC-42A3-9474-1A3956D46DE8}") = "Models", "Models", "{162893C7-3833-4529-8590-2347E035DD9D}"
EndProject
Project("{2150E333-8FDC-42A3-9474-1A3956D46DE8}") = "4.1-Data", "4.1-Data", "{EA328674-5F0E-454D-85B3-DCFA139EE873}"
EndProject
Project("{FAE04EC0-301F-11D3-BF4B-00C04F79EFBC}") = "Genesis.Data", "Genesis.Data\Genesis.Data.csproj", "{9B97A432-3B32-4D4D-8441-BB4582A11A1B}"
EndProject
Project("{2150E333-8FDC-42A3-9474-1A3956D46DE8}") = "Context", "Context", "{CC58BACC-EEF9-4C2A-B865-DE89A5237224}"
EndProject
Project("{2150E333-8FDC-42A3-9474-1A3956D46DE8}") = "Mappings", "Mappings", "{3564D455-C425-47D7-B92F-31D46A2D363B}"
EndProject
Project("{2150E333-8FDC-42A3-9474-1A3956D46DE8}") = "Repositories", "Repositories", "{DBF02ED2-F92E-443E-9355-1FB3B8A22CCA}"
EndProject
Project("{2150E333-8FDC-42A3-9474-1A3956D46DE8}") = "4.2-CrossCoutting", "4.2-CrossCoutting", "{3FBC8525-892E-4E7F-A6AF-449D9116D763}"
EndProject
Global
	GlobalSection(SolutionConfigurationPlatforms) = preSolution
		Debug|Any CPU = Debug|Any CPU
		Release|Any CPU = Release|Any CPU
	EndGlobalSection
	GlobalSection(ProjectConfigurationPlatforms) = postSolution
		{7EEDDD60-D4A7-4C95-B27A-13BA28C65789}.Debug|Any CPU.ActiveCfg = Debug|Any CPU
		{7EEDDD60-D4A7-4C95-B27A-13BA28C65789}.Debug|Any CPU.Build.0 = Debug|Any CPU
		{7EEDDD60-D4A7-4C95-B27A-13BA28C65789}.Release|Any CPU.ActiveCfg = Release|Any CPU
		{7EEDDD60-D4A7-4C95-B27A-13BA28C65789}.Release|Any CPU.Build.0 = Release|Any CPU
		{FF700A32-FEEA-4A26-969A-254D4B418C41}.Debug|Any CPU.ActiveCfg = Debug|Any CPU
		{FF700A32-FEEA-4A26-969A-254D4B418C41}.Debug|Any CPU.Build.0 = Debug|Any CPU
		{FF700A32-FEEA-4A26-969A-254D4B418C41}.Release|Any CPU.ActiveCfg = Release|Any CPU
		{FF700A32-FEEA-4A26-969A-254D4B418C41}.Release|Any CPU.Build.0 = Release|Any CPU
		{D7F9B199-3E08-4CF3-A0AB-3B6D0BD56F60}.Debug|Any CPU.ActiveCfg = Debug|Any CPU
		{D7F9B199-3E08-4CF3-A0AB-3B6D0BD56F60}.Debug|Any CPU.Build.0 = Debug|Any CPU
		{D7F9B199-3E08-4CF3-A0AB-3B6D0BD56F60}.Release|Any CPU.ActiveCfg = Release|Any CPU
		{D7F9B199-3E08-4CF3-A0AB-3B6D0BD56F60}.Release|Any CPU.Build.0 = Release|Any CPU
		{9B97A432-3B32-4D4D-8441-BB4582A11A1B}.Debug|Any CPU.ActiveCfg = Debug|Any CPU
		{9B97A432-3B32-4D4D-8441-BB4582A11A1B}.Debug|Any CPU.Build.0 = Debug|Any CPU
		{9B97A432-3B32-4D4D-8441-BB4582A11A1B}.Release|Any CPU.ActiveCfg = Release|Any CPU
		{9B97A432-3B32-4D4D-8441-BB4582A11A1B}.Release|Any CPU.Build.0 = Release|Any CPU
	EndGlobalSection
	GlobalSection(SolutionProperties) = preSolution
		HideSolutionNode = FALSE
	EndGlobalSection
	GlobalSection(NestedProjects) = preSolution
		{7EEDDD60-D4A7-4C95-B27A-13BA28C65789} = {CBA17617-B47A-4B89-A31B-25E926FBF549}
		{FF700A32-FEEA-4A26-969A-254D4B418C41} = {126E8206-1EB5-4FF7-A749-280595F24AFE}
		{D7F9B199-3E08-4CF3-A0AB-3B6D0BD56F60} = {D1CD1C49-68D9-4CEA-9ABD-EA2B8E40CDFE}
		{F72E63D6-AD67-48D1-A79D-4EB46522569F} = {126E8206-1EB5-4FF7-A749-280595F24AFE}
		{80CEC6CD-747F-4EE1-9524-F2E122DCCB4D} = {126E8206-1EB5-4FF7-A749-280595F24AFE}
		{5469C32A-5DA8-4400-BB48-CF85C9F9599E} = {126E8206-1EB5-4FF7-A749-280595F24AFE}
		{62F2079C-F54B-47F1-87C3-E1309F282BE1} = {D1CD1C49-68D9-4CEA-9ABD-EA2B8E40CDFE}
		{0C7ADC5C-7D64-4785-9995-20C07296A696} = {D1CD1C49-68D9-4CEA-9ABD-EA2B8E40CDFE}
		{162893C7-3833-4529-8590-2347E035DD9D} = {D1CD1C49-68D9-4CEA-9ABD-EA2B8E40CDFE}
		{EA328674-5F0E-454D-85B3-DCFA139EE873} = {2E652B0B-FA63-485D-9CC4-93D045B78E15}
		{9B97A432-3B32-4D4D-8441-BB4582A11A1B} = {EA328674-5F0E-454D-85B3-DCFA139EE873}
		{CC58BACC-EEF9-4C2A-B865-DE89A5237224} = {EA328674-5F0E-454D-85B3-DCFA139EE873}
		{3564D455-C425-47D7-B92F-31D46A2D363B} = {EA328674-5F0E-454D-85B3-DCFA139EE873}
		{DBF02ED2-F92E-443E-9355-1FB3B8A22CCA} = {EA328674-5F0E-454D-85B3-DCFA139EE873}
		{3FBC8525-892E-4E7F-A6AF-449D9116D763} = {2E652B0B-FA63-485D-9CC4-93D045B78E15}
	EndGlobalSection
	GlobalSection(ExtensibilityGlobals) = postSolution
		SolutionGuid = {3C787F86-F2B7-4B5B-8D7C-E1094F8E7024}
	EndGlobalSection
EndGlobal
